
Microsoft Visual Studio Solution File, Format Version 12.00
# Visual Studio Version 17
VisualStudioVersion = 17.14.36414.22 d17.14
MinimumVisualStudioVersion = 10.0.40219.1
Project("{FAE04EC0-301F-11D3-BF4B-00C04F79EFBC}") = "ProduceWordDocs", "ProduceWordDocs\ProduceWordDocs.csproj", "{980F79C3-080A-4E6F-97E3-476EA52669EE}"
EndProject
Global
	GlobalSection(SolutionConfigurationPlatforms) = preSolution
		Debug|Any CPU = Debug|Any CPU
		Release|Any CPU = Release|Any CPU
	EndGlobalSection
	GlobalSection(ProjectConfigurationPlatforms) = postSolution
		{980F79C3-080A-4E6F-97E3-476EA52669EE}.Debug|Any CPU.ActiveCfg = Debug|Any CPU
		{980F79C3-080A-4E6F-97E3-476EA52669EE}.Debug|Any CPU.Build.0 = Debug|Any CPU
		{980F79C3-080A-4E6F-97E3-476EA52669EE}.Release|Any CPU.ActiveCfg = Release|Any CPU
		{980F79C3-080A-4E6F-97E3-476EA52669EE}.Release|Any CPU.Build.0 = Release|Any CPU
	EndGlobalSection
	GlobalSection(SolutionProperties) = preSolution
		HideSolutionNode = FALSE
	EndGlobalSection
	GlobalSection(ExtensibilityGlobals) = postSolution
		SolutionGuid = {15AFC09E-8A7C-49A1-99FE-75D7621D83B4}
	EndGlobalSection
EndGlobal
